
Microsoft Visual Studio Solution File, Format Version 12.00
# Visual Studio 2013
VisualStudioVersion = 12.0.31101.0
MinimumVisualStudioVersion = 10.0.40219.1
Project("{FAE04EC0-301F-11D3-BF4B-00C04F79EFBC}") = "DustedCodes.Blog", "DustedCodes.Blog\DustedCodes.Blog.csproj", "{3AE893E6-61B5-4F61-A7DD-EF2380FAA97E}"
EndProject
Project("{2150E333-8FDC-42A3-9474-1A3956D46DE8}") = ".nuget", ".nuget", "{B5CAEF34-EA47-4F7F-8E33-6D3478FD1CE0}"
	ProjectSection(SolutionItems) = preProject
		.nuget\NuGet.Config = .nuget\NuGet.Config
		.nuget\NuGet.exe = .nuget\NuGet.exe
		.nuget\NuGet.targets = .nuget\NuGet.targets
	EndProjectSection
EndProject
Project("{FAE04EC0-301F-11D3-BF4B-00C04F79EFBC}") = "DustedCodes.Blog.Tests", "DustedCodes.Blog.Tests\DustedCodes.Blog.Tests.csproj", "{C6145B95-3D35-44B9-A475-C710D96545C9}"
EndProject
Project("{FAE04EC0-301F-11D3-BF4B-00C04F79EFBC}") = "DustedCodes.Automation.Framework", "DustedCodes.Automation.Framework\DustedCodes.Automation.Framework.csproj", "{C9AF56E4-D009-44F2-9BDB-D31FA6302F41}"
EndProject
Project("{FAE04EC0-301F-11D3-BF4B-00C04F79EFBC}") = "DustedCodes.Automation.Tests", "DustedCodes.Automation.Tests\DustedCodes.Automation.Tests.csproj", "{56276311-5B0B-4025-83F5-E16D651851FE}"
EndProject
Project("{2150E333-8FDC-42A3-9474-1A3956D46DE8}") = "About", "About", "{1B5D3E1B-3318-4AF8-9702-82765160F3B0}"
	ProjectSection(SolutionItems) = preProject
		LICENSE = LICENSE
		README.md = README.md
	EndProjectSection
EndProject
Project("{2150E333-8FDC-42A3-9474-1A3956D46DE8}") = "Build", "Build", "{C169E963-BADB-4AA1-8261-55F54C571CED}"
	ProjectSection(SolutionItems) = preProject
		appveyor.yml = appveyor.yml
	EndProjectSection
EndProject
Project("{FAE04EC0-301F-11D3-BF4B-00C04F79EFBC}") = "DustedCodes.Core", "DustedCodes.Core\DustedCodes.Core.csproj", "{249F1D7B-CB40-49A6-AE53-54185C10FF8F}"
EndProject
Project("{FAE04EC0-301F-11D3-BF4B-00C04F79EFBC}") = "DustedCodes.Core.Tests", "DustedCodes.Core.Tests\DustedCodes.Core.Tests.csproj", "{E9794F23-A4EF-433C-BA7C-2C02BDBC1833}"
EndProject
Global
	GlobalSection(SolutionConfigurationPlatforms) = preSolution
		Debug|Any CPU = Debug|Any CPU
		Release|Any CPU = Release|Any CPU
	EndGlobalSection
	GlobalSection(ProjectConfigurationPlatforms) = postSolution
		{3AE893E6-61B5-4F61-A7DD-EF2380FAA97E}.Debug|Any CPU.ActiveCfg = Debug|Any CPU
		{3AE893E6-61B5-4F61-A7DD-EF2380FAA97E}.Debug|Any CPU.Build.0 = Debug|Any CPU
		{3AE893E6-61B5-4F61-A7DD-EF2380FAA97E}.Release|Any CPU.ActiveCfg = Release|Any CPU
		{3AE893E6-61B5-4F61-A7DD-EF2380FAA97E}.Release|Any CPU.Build.0 = Release|Any CPU
		{C6145B95-3D35-44B9-A475-C710D96545C9}.Debug|Any CPU.ActiveCfg = Debug|Any CPU
		{C6145B95-3D35-44B9-A475-C710D96545C9}.Debug|Any CPU.Build.0 = Debug|Any CPU
		{C6145B95-3D35-44B9-A475-C710D96545C9}.Release|Any CPU.ActiveCfg = Release|Any CPU
		{C6145B95-3D35-44B9-A475-C710D96545C9}.Release|Any CPU.Build.0 = Release|Any CPU
		{C9AF56E4-D009-44F2-9BDB-D31FA6302F41}.Debug|Any CPU.ActiveCfg = Debug|Any CPU
		{C9AF56E4-D009-44F2-9BDB-D31FA6302F41}.Debug|Any CPU.Build.0 = Debug|Any CPU
		{C9AF56E4-D009-44F2-9BDB-D31FA6302F41}.Release|Any CPU.ActiveCfg = Release|Any CPU
		{C9AF56E4-D009-44F2-9BDB-D31FA6302F41}.Release|Any CPU.Build.0 = Release|Any CPU
		{56276311-5B0B-4025-83F5-E16D651851FE}.Debug|Any CPU.ActiveCfg = Debug|Any CPU
		{56276311-5B0B-4025-83F5-E16D651851FE}.Debug|Any CPU.Build.0 = Debug|Any CPU
		{56276311-5B0B-4025-83F5-E16D651851FE}.Release|Any CPU.ActiveCfg = Release|Any CPU
		{56276311-5B0B-4025-83F5-E16D651851FE}.Release|Any CPU.Build.0 = Release|Any CPU
		{249F1D7B-CB40-49A6-AE53-54185C10FF8F}.Debug|Any CPU.ActiveCfg = Debug|Any CPU
		{249F1D7B-CB40-49A6-AE53-54185C10FF8F}.Debug|Any CPU.Build.0 = Debug|Any CPU
		{249F1D7B-CB40-49A6-AE53-54185C10FF8F}.Release|Any CPU.ActiveCfg = Release|Any CPU
		{249F1D7B-CB40-49A6-AE53-54185C10FF8F}.Release|Any CPU.Build.0 = Release|Any CPU
		{E9794F23-A4EF-433C-BA7C-2C02BDBC1833}.Debug|Any CPU.ActiveCfg = Debug|Any CPU
		{E9794F23-A4EF-433C-BA7C-2C02BDBC1833}.Debug|Any CPU.Build.0 = Debug|Any CPU
		{E9794F23-A4EF-433C-BA7C-2C02BDBC1833}.Release|Any CPU.ActiveCfg = Release|Any CPU
		{E9794F23-A4EF-433C-BA7C-2C02BDBC1833}.Release|Any CPU.Build.0 = Release|Any CPU
	EndGlobalSection
	GlobalSection(SolutionProperties) = preSolution
		HideSolutionNode = FALSE
	EndGlobalSection
EndGlobal
