
Microsoft Visual Studio Solution File, Format Version 12.00
# Visual Studio 15
VisualStudioVersion = 15.0.26124.0
MinimumVisualStudioVersion = 15.0.26124.0
Project("{2150E333-8FDC-42A3-9474-1A3956D46DE8}") = "src", "src", "{E395BB07-EA67-4C73-8EE0-11C0A74CC6B1}"
EndProject
Project("{F2A71F9B-5D33-465A-A702-920D77279786}") = "DustedCodes", "src\DustedCodes\DustedCodes.fsproj", "{E2EA7790-8FCE-4391-BC41-E6E6345590F3}"
EndProject
Project("{2150E333-8FDC-42A3-9474-1A3956D46DE8}") = "_build", "_build", "{1440EFDD-8E36-4942-8377-CD9FB74E8F05}"
ProjectSection(SolutionItems) = preProject
	.psscripts\build-functions.ps1 = .psscripts\build-functions.ps1
	.psscripts\nuget-updates.ps1 = .psscripts\nuget-updates.ps1
	.psscripts\install-dotnet.ps1 = .psscripts\install-dotnet.ps1
	appveyor.yml = appveyor.yml
	build.ps1 = build.ps1
	build.sh = build.sh
	global.json = global.json
	NuGet.config = NuGet.config
EndProjectSection
EndProject
Project("{2150E333-8FDC-42A3-9474-1A3956D46DE8}") = "_git", "_git", "{DF35D1E8-D153-476A-9656-6663C48B878B}"
ProjectSection(SolutionItems) = preProject
	.gitattributes = .gitattributes
	.gitignore = .gitignore
EndProjectSection
EndProject
Project("{2150E333-8FDC-42A3-9474-1A3956D46DE8}") = "_docs", "_docs", "{41E50294-4D39-4CFA-BB82-5912A2F3C665}"
ProjectSection(SolutionItems) = preProject
	README.md = README.md
	LICENSE = LICENSE
EndProjectSection
EndProject
Global
	GlobalSection(SolutionConfigurationPlatforms) = preSolution
		Debug|Any CPU = Debug|Any CPU
		Debug|x64 = Debug|x64
		Debug|x86 = Debug|x86
		Release|Any CPU = Release|Any CPU
		Release|x64 = Release|x64
		Release|x86 = Release|x86
	EndGlobalSection
	GlobalSection(SolutionProperties) = preSolution
		HideSolutionNode = FALSE
	EndGlobalSection
	GlobalSection(NestedProjects) = preSolution
		{E2EA7790-8FCE-4391-BC41-E6E6345590F3} = {E395BB07-EA67-4C73-8EE0-11C0A74CC6B1}
	EndGlobalSection
	GlobalSection(ProjectConfigurationPlatforms) = postSolution
		{E2EA7790-8FCE-4391-BC41-E6E6345590F3}.Debug|Any CPU.ActiveCfg = Debug|Any CPU
		{E2EA7790-8FCE-4391-BC41-E6E6345590F3}.Debug|Any CPU.Build.0 = Debug|Any CPU
		{E2EA7790-8FCE-4391-BC41-E6E6345590F3}.Debug|x64.ActiveCfg = Debug|Any CPU
		{E2EA7790-8FCE-4391-BC41-E6E6345590F3}.Debug|x64.Build.0 = Debug|Any CPU
		{E2EA7790-8FCE-4391-BC41-E6E6345590F3}.Debug|x86.ActiveCfg = Debug|Any CPU
		{E2EA7790-8FCE-4391-BC41-E6E6345590F3}.Debug|x86.Build.0 = Debug|Any CPU
		{E2EA7790-8FCE-4391-BC41-E6E6345590F3}.Release|Any CPU.ActiveCfg = Release|Any CPU
		{E2EA7790-8FCE-4391-BC41-E6E6345590F3}.Release|Any CPU.Build.0 = Release|Any CPU
		{E2EA7790-8FCE-4391-BC41-E6E6345590F3}.Release|x64.ActiveCfg = Release|Any CPU
		{E2EA7790-8FCE-4391-BC41-E6E6345590F3}.Release|x64.Build.0 = Release|Any CPU
		{E2EA7790-8FCE-4391-BC41-E6E6345590F3}.Release|x86.ActiveCfg = Release|Any CPU
		{E2EA7790-8FCE-4391-BC41-E6E6345590F3}.Release|x86.Build.0 = Release|Any CPU
	EndGlobalSection
EndGlobal
